
Microsoft Visual Studio Solution File, Format Version 12.00
# Visual Studio Version 16
VisualStudioVersion = 16.0.31019.35
MinimumVisualStudioVersion = 10.0.40219.1
Project("{FAE04EC0-301F-11D3-BF4B-00C04F79EFBC}") = "WpfExamples", "WpfExamples\WpfExamples.csproj", "{A1D298F5-DBA3-48A3-A3E2-47BB7DFF4805}"
EndProject
Global
	GlobalSection(SolutionConfigurationPlatforms) = preSolution
		Debug|Any CPU = Debug|Any CPU
		Release|Any CPU = Release|Any CPU
	EndGlobalSection
	GlobalSection(ProjectConfigurationPlatforms) = postSolution
		{A1D298F5-DBA3-48A3-A3E2-47BB7DFF4805}.Debug|Any CPU.ActiveCfg = Debug|Any CPU
		{A1D298F5-DBA3-48A3-A3E2-47BB7DFF4805}.Debug|Any CPU.Build.0 = Debug|Any CPU
		{A1D298F5-DBA3-48A3-A3E2-47BB7DFF4805}.Release|Any CPU.ActiveCfg = Release|Any CPU
		{A1D298F5-DBA3-48A3-A3E2-47BB7DFF4805}.Release|Any CPU.Build.0 = Release|Any CPU
	EndGlobalSection
	GlobalSection(SolutionProperties) = preSolution
		HideSolutionNode = FALSE
	EndGlobalSection
	GlobalSection(ExtensibilityGlobals) = postSolution
		SolutionGuid = {867E54A0-D397-4B73-BD82-39DB852060B8}
	EndGlobalSection
EndGlobal
